
Microsoft Visual Studio Solution File, Format Version 12.00
# Visual Studio 2012
Project("{FAE04EC0-301F-11D3-BF4B-00C04F79EFBC}") = "DrawTool", "DrawTool\DrawTool.csproj", "{61B79CD6-C30D-493F-836C-D1852F28972A}"
EndProject
Project("{FAE04EC0-301F-11D3-BF4B-00C04F79EFBC}") = "DataEntryFirstStep", "..\DataEntryFirstStep\DataEntryFirstStep.csproj", "{577C2BBA-3D0E-4E83-8817-ECC5C67B7257}"
EndProject
Project("{FAE04EC0-301F-11D3-BF4B-00C04F79EFBC}") = "Utility", "..\Utility\Utility.csproj", "{C7FBCF52-4FB2-4774-88D2-82D2EB2B36CB}"
EndProject
Global
	GlobalSection(SolutionConfigurationPlatforms) = preSolution
		Debug|Any CPU = Debug|Any CPU
		Debug|Mixed Platforms = Debug|Mixed Platforms
		Debug|x86 = Debug|x86
		Release|Any CPU = Release|Any CPU
		Release|Mixed Platforms = Release|Mixed Platforms
		Release|x86 = Release|x86
	EndGlobalSection
	GlobalSection(ProjectConfigurationPlatforms) = postSolution
		{61B79CD6-C30D-493F-836C-D1852F28972A}.Debug|Any CPU.ActiveCfg = Debug|Any CPU
		{61B79CD6-C30D-493F-836C-D1852F28972A}.Debug|Any CPU.Build.0 = Debug|Any CPU
		{61B79CD6-C30D-493F-836C-D1852F28972A}.Debug|Mixed Platforms.ActiveCfg = Debug|Any CPU
		{61B79CD6-C30D-493F-836C-D1852F28972A}.Debug|Mixed Platforms.Build.0 = Debug|Any CPU
		{61B79CD6-C30D-493F-836C-D1852F28972A}.Debug|x86.ActiveCfg = Debug|Any CPU
		{61B79CD6-C30D-493F-836C-D1852F28972A}.Release|Any CPU.ActiveCfg = Release|Any CPU
		{61B79CD6-C30D-493F-836C-D1852F28972A}.Release|Any CPU.Build.0 = Release|Any CPU
		{61B79CD6-C30D-493F-836C-D1852F28972A}.Release|Mixed Platforms.ActiveCfg = Release|Any CPU
		{61B79CD6-C30D-493F-836C-D1852F28972A}.Release|Mixed Platforms.Build.0 = Release|Any CPU
		{61B79CD6-C30D-493F-836C-D1852F28972A}.Release|x86.ActiveCfg = Release|Any CPU
		{577C2BBA-3D0E-4E83-8817-ECC5C67B7257}.Debug|Any CPU.ActiveCfg = Debug|x86
		{577C2BBA-3D0E-4E83-8817-ECC5C67B7257}.Debug|Mixed Platforms.ActiveCfg = Debug|x86
		{577C2BBA-3D0E-4E83-8817-ECC5C67B7257}.Debug|Mixed Platforms.Build.0 = Debug|x86
		{577C2BBA-3D0E-4E83-8817-ECC5C67B7257}.Debug|x86.ActiveCfg = Debug|x86
		{577C2BBA-3D0E-4E83-8817-ECC5C67B7257}.Debug|x86.Build.0 = Debug|x86
		{577C2BBA-3D0E-4E83-8817-ECC5C67B7257}.Release|Any CPU.ActiveCfg = Release|x86
		{577C2BBA-3D0E-4E83-8817-ECC5C67B7257}.Release|Mixed Platforms.ActiveCfg = Release|x86
		{577C2BBA-3D0E-4E83-8817-ECC5C67B7257}.Release|Mixed Platforms.Build.0 = Release|x86
		{577C2BBA-3D0E-4E83-8817-ECC5C67B7257}.Release|x86.ActiveCfg = Release|x86
		{577C2BBA-3D0E-4E83-8817-ECC5C67B7257}.Release|x86.Build.0 = Release|x86
		{C7FBCF52-4FB2-4774-88D2-82D2EB2B36CB}.Debug|Any CPU.ActiveCfg = Debug|Any CPU
		{C7FBCF52-4FB2-4774-88D2-82D2EB2B36CB}.Debug|Any CPU.Build.0 = Debug|Any CPU
		{C7FBCF52-4FB2-4774-88D2-82D2EB2B36CB}.Debug|Mixed Platforms.ActiveCfg = Debug|Any CPU
		{C7FBCF52-4FB2-4774-88D2-82D2EB2B36CB}.Debug|Mixed Platforms.Build.0 = Debug|Any CPU
		{C7FBCF52-4FB2-4774-88D2-82D2EB2B36CB}.Debug|x86.ActiveCfg = Debug|Any CPU
		{C7FBCF52-4FB2-4774-88D2-82D2EB2B36CB}.Release|Any CPU.ActiveCfg = Release|Any CPU
		{C7FBCF52-4FB2-4774-88D2-82D2EB2B36CB}.Release|Any CPU.Build.0 = Release|Any CPU
		{C7FBCF52-4FB2-4774-88D2-82D2EB2B36CB}.Release|Mixed Platforms.ActiveCfg = Release|Any CPU
		{C7FBCF52-4FB2-4774-88D2-82D2EB2B36CB}.Release|Mixed Platforms.Build.0 = Release|Any CPU
		{C7FBCF52-4FB2-4774-88D2-82D2EB2B36CB}.Release|x86.ActiveCfg = Release|Any CPU
	EndGlobalSection
	GlobalSection(SolutionProperties) = preSolution
		HideSolutionNode = FALSE
	EndGlobalSection
EndGlobal
